
Microsoft Visual Studio Solution File, Format Version 12.00
# Visual Studio Version 17
VisualStudioVersion = 17.11.35222.181
MinimumVisualStudioVersion = 10.0.40219.1
Project("{FAE04EC0-301F-11D3-BF4B-00C04F79EFBC}") = "example", "example\example.csproj", "{43525763-BC72-46BD-B32E-C288D176E709}"
EndProject
Global
	GlobalSection(SolutionConfigurationPlatforms) = preSolution
		Debug|Any CPU = Debug|Any CPU
		Release|Any CPU = Release|Any CPU
	EndGlobalSection
	GlobalSection(ProjectConfigurationPlatforms) = postSolution
		{43525763-BC72-46BD-B32E-C288D176E709}.Debug|Any CPU.ActiveCfg = Debug|Any CPU
		{43525763-BC72-46BD-B32E-C288D176E709}.Debug|Any CPU.Build.0 = Debug|Any CPU
		{43525763-BC72-46BD-B32E-C288D176E709}.Release|Any CPU.ActiveCfg = Release|Any CPU
		{43525763-BC72-46BD-B32E-C288D176E709}.Release|Any CPU.Build.0 = Release|Any CPU
	EndGlobalSection
	GlobalSection(SolutionProperties) = preSolution
		HideSolutionNode = FALSE
	EndGlobalSection
	GlobalSection(ExtensibilityGlobals) = postSolution
		SolutionGuid = {1B104780-768C-495A-9B27-8D4D1885E2C5}
	EndGlobalSection
EndGlobal
