
Microsoft Visual Studio Solution File, Format Version 12.00
# Visual Studio Version 17
VisualStudioVersion = 17.11.35222.181
MinimumVisualStudioVersion = 10.0.40219.1
Project("{FAE04EC0-301F-11D3-BF4B-00C04F79EFBC}") = "test_01_poem", "test_01_poem\test_01_poem.csproj", "{EFB3A885-DFE5-46E7-8C09-3B6A335955B1}"
EndProject
Global
	GlobalSection(SolutionConfigurationPlatforms) = preSolution
		Debug|Any CPU = Debug|Any CPU
		Release|Any CPU = Release|Any CPU
	EndGlobalSection
	GlobalSection(ProjectConfigurationPlatforms) = postSolution
		{EFB3A885-DFE5-46E7-8C09-3B6A335955B1}.Debug|Any CPU.ActiveCfg = Debug|Any CPU
		{EFB3A885-DFE5-46E7-8C09-3B6A335955B1}.Debug|Any CPU.Build.0 = Debug|Any CPU
		{EFB3A885-DFE5-46E7-8C09-3B6A335955B1}.Release|Any CPU.ActiveCfg = Release|Any CPU
		{EFB3A885-DFE5-46E7-8C09-3B6A335955B1}.Release|Any CPU.Build.0 = Release|Any CPU
	EndGlobalSection
	GlobalSection(SolutionProperties) = preSolution
		HideSolutionNode = FALSE
	EndGlobalSection
	GlobalSection(ExtensibilityGlobals) = postSolution
		SolutionGuid = {F45289AF-123D-44D7-805E-1EDE59D4A03C}
	EndGlobalSection
EndGlobal
