
Microsoft Visual Studio Solution File, Format Version 12.00
# Visual Studio Version 17
VisualStudioVersion = 17.11.35222.181
MinimumVisualStudioVersion = 10.0.40219.1
Project("{FAE04EC0-301F-11D3-BF4B-00C04F79EFBC}") = "test_02_average", "test_02_average\test_02_average.csproj", "{DFFE304C-3131-4BF9-8B15-534329CA1B64}"
EndProject
Global
	GlobalSection(SolutionConfigurationPlatforms) = preSolution
		Debug|Any CPU = Debug|Any CPU
		Release|Any CPU = Release|Any CPU
	EndGlobalSection
	GlobalSection(ProjectConfigurationPlatforms) = postSolution
		{DFFE304C-3131-4BF9-8B15-534329CA1B64}.Debug|Any CPU.ActiveCfg = Debug|Any CPU
		{DFFE304C-3131-4BF9-8B15-534329CA1B64}.Debug|Any CPU.Build.0 = Debug|Any CPU
		{DFFE304C-3131-4BF9-8B15-534329CA1B64}.Release|Any CPU.ActiveCfg = Release|Any CPU
		{DFFE304C-3131-4BF9-8B15-534329CA1B64}.Release|Any CPU.Build.0 = Release|Any CPU
	EndGlobalSection
	GlobalSection(SolutionProperties) = preSolution
		HideSolutionNode = FALSE
	EndGlobalSection
	GlobalSection(ExtensibilityGlobals) = postSolution
		SolutionGuid = {640DBC4A-AA34-41D0-96D9-3E6279F529F3}
	EndGlobalSection
EndGlobal
