
Microsoft Visual Studio Solution File, Format Version 12.00
# Visual Studio Version 17
VisualStudioVersion = 17.11.35222.181
MinimumVisualStudioVersion = 10.0.40219.1
Project("{FAE04EC0-301F-11D3-BF4B-00C04F79EFBC}") = "exam_", "exam_\exam_.csproj", "{2B6F0529-BE08-4DAC-9C22-652005DF42FD}"
EndProject
Global
	GlobalSection(SolutionConfigurationPlatforms) = preSolution
		Debug|Any CPU = Debug|Any CPU
		Release|Any CPU = Release|Any CPU
	EndGlobalSection
	GlobalSection(ProjectConfigurationPlatforms) = postSolution
		{2B6F0529-BE08-4DAC-9C22-652005DF42FD}.Debug|Any CPU.ActiveCfg = Debug|Any CPU
		{2B6F0529-BE08-4DAC-9C22-652005DF42FD}.Debug|Any CPU.Build.0 = Debug|Any CPU
		{2B6F0529-BE08-4DAC-9C22-652005DF42FD}.Release|Any CPU.ActiveCfg = Release|Any CPU
		{2B6F0529-BE08-4DAC-9C22-652005DF42FD}.Release|Any CPU.Build.0 = Release|Any CPU
	EndGlobalSection
	GlobalSection(SolutionProperties) = preSolution
		HideSolutionNode = FALSE
	EndGlobalSection
	GlobalSection(ExtensibilityGlobals) = postSolution
		SolutionGuid = {4C8C3B6D-3E4C-4B44-AD8B-0023B4C79211}
	EndGlobalSection
EndGlobal
