
Microsoft Visual Studio Solution File, Format Version 12.00
# Visual Studio Version 17
VisualStudioVersion = 17.11.35222.181
MinimumVisualStudioVersion = 10.0.40219.1
Project("{FAE04EC0-301F-11D3-BF4B-00C04F79EFBC}") = "test_10_6", "test_10_6\test_10_6.csproj", "{FBE71E31-05F7-45F7-91D2-3BC51D3C9F16}"
EndProject
Global
	GlobalSection(SolutionConfigurationPlatforms) = preSolution
		Debug|Any CPU = Debug|Any CPU
		Release|Any CPU = Release|Any CPU
	EndGlobalSection
	GlobalSection(ProjectConfigurationPlatforms) = postSolution
		{FBE71E31-05F7-45F7-91D2-3BC51D3C9F16}.Debug|Any CPU.ActiveCfg = Debug|Any CPU
		{FBE71E31-05F7-45F7-91D2-3BC51D3C9F16}.Debug|Any CPU.Build.0 = Debug|Any CPU
		{FBE71E31-05F7-45F7-91D2-3BC51D3C9F16}.Release|Any CPU.ActiveCfg = Release|Any CPU
		{FBE71E31-05F7-45F7-91D2-3BC51D3C9F16}.Release|Any CPU.Build.0 = Release|Any CPU
	EndGlobalSection
	GlobalSection(SolutionProperties) = preSolution
		HideSolutionNode = FALSE
	EndGlobalSection
	GlobalSection(ExtensibilityGlobals) = postSolution
		SolutionGuid = {DE347E6C-7885-44E1-9285-0046FA29E9CB}
	EndGlobalSection
EndGlobal
