
Microsoft Visual Studio Solution File, Format Version 12.00
# Visual Studio Version 17
VisualStudioVersion = 17.11.35222.181
MinimumVisualStudioVersion = 10.0.40219.1
Project("{FAE04EC0-301F-11D3-BF4B-00C04F79EFBC}") = "test_10_4", "test_10_4\test_10_4.csproj", "{FBC0D928-7B46-458B-A02F-73A979B4EE2F}"
EndProject
Global
	GlobalSection(SolutionConfigurationPlatforms) = preSolution
		Debug|Any CPU = Debug|Any CPU
		Release|Any CPU = Release|Any CPU
	EndGlobalSection
	GlobalSection(ProjectConfigurationPlatforms) = postSolution
		{FBC0D928-7B46-458B-A02F-73A979B4EE2F}.Debug|Any CPU.ActiveCfg = Debug|Any CPU
		{FBC0D928-7B46-458B-A02F-73A979B4EE2F}.Debug|Any CPU.Build.0 = Debug|Any CPU
		{FBC0D928-7B46-458B-A02F-73A979B4EE2F}.Release|Any CPU.ActiveCfg = Release|Any CPU
		{FBC0D928-7B46-458B-A02F-73A979B4EE2F}.Release|Any CPU.Build.0 = Release|Any CPU
	EndGlobalSection
	GlobalSection(SolutionProperties) = preSolution
		HideSolutionNode = FALSE
	EndGlobalSection
	GlobalSection(ExtensibilityGlobals) = postSolution
		SolutionGuid = {F1BAD6E6-808A-4779-9900-7CAED4873011}
	EndGlobalSection
EndGlobal
