
Microsoft Visual Studio Solution File, Format Version 12.00
# Visual Studio Version 17
VisualStudioVersion = 17.11.35222.181
MinimumVisualStudioVersion = 10.0.40219.1
Project("{FAE04EC0-301F-11D3-BF4B-00C04F79EFBC}") = "test_04_math_formulas", "test_04_math_formulas\test_04_math_formulas.csproj", "{C8B76E69-C126-420A-AB4D-B2C8A7213E17}"
EndProject
Global
	GlobalSection(SolutionConfigurationPlatforms) = preSolution
		Debug|Any CPU = Debug|Any CPU
		Release|Any CPU = Release|Any CPU
	EndGlobalSection
	GlobalSection(ProjectConfigurationPlatforms) = postSolution
		{C8B76E69-C126-420A-AB4D-B2C8A7213E17}.Debug|Any CPU.ActiveCfg = Debug|Any CPU
		{C8B76E69-C126-420A-AB4D-B2C8A7213E17}.Debug|Any CPU.Build.0 = Debug|Any CPU
		{C8B76E69-C126-420A-AB4D-B2C8A7213E17}.Release|Any CPU.ActiveCfg = Release|Any CPU
		{C8B76E69-C126-420A-AB4D-B2C8A7213E17}.Release|Any CPU.Build.0 = Release|Any CPU
	EndGlobalSection
	GlobalSection(SolutionProperties) = preSolution
		HideSolutionNode = FALSE
	EndGlobalSection
	GlobalSection(ExtensibilityGlobals) = postSolution
		SolutionGuid = {68184A7F-EE11-4769-9127-34C37235A3C6}
	EndGlobalSection
EndGlobal
